PODS:
  - LqbCommonFramework (1.0.0)

DEPENDENCIES:
  - LqbCommonFramework (from `../`)

EXTERNAL SOURCES:
  LqbCommonFramework:
    :path: "../"

SPEC CHECKSUMS:
  LqbCommonFramework: 7e039fbfd2c61c0020a055f943606ed787e656d1

PODFILE CHECKSUM: 6e6fedf4da5368577f7ffe98c3322abb617a5794

COCOAPODS: 1.10.1
